// !$*UTF8*$!
{
	archiveVersion = 1;
	classes = {
	};
	objectVersion = 56;
	objects = {

/* Begin PBXBuildFile section */
		AB21032529A34767008C89F2 /* ImageEditDemoApp.swift in Sources */ = {isa = PBXBuildFile; fileRef = AB21032429A34767008C89F2 /* ImageEditDemoApp.swift */; };
		AB21032729A34767008C89F2 /* ContentView.swift in Sources */ = {isa = PBXBuildFile; fileRef = AB21032629A34767008C89F2 /* ContentView.swift */; };
		AB21032929A34768008C89F2 /* Assets.xcassets in Resources */ = {isa = PBXBuildFile; fileRef = AB21032829A34768008C89F2 /* Assets.xcassets */; };
		AB21032C29A34768008C89F2 /* Preview Assets.xcassets in Resources */ = {isa = PBXBuildFile; fileRef = AB21032B29A34768008C89F2 /* Preview Assets.xcassets */; };
		AB21033A29A347E9008C89F2 /* ItemDetail.swift in Sources */ = {isa = PBXBuildFile; fileRef = AB21033229A347E8008C89F2 /* ItemDetail.swift */; };
		AB21033B29A347E9008C89F2 /* ItemRow.swift in Sources */ = {isa = PBXBuildFile; fileRef = AB21033329A347E8008C89F2 /* ItemRow.swift */; };
		AB21033C29A347E9008C89F2 /* Document.swift in Sources */ = {isa = PBXBuildFile; fileRef = AB21033429A347E9008C89F2 /* Document.swift */; };
		AB21033D29A347E9008C89F2 /* image.swift in Sources */ = {isa = PBXBuildFile; fileRef = AB21033529A347E9008C89F2 /* image.swift */; };
		AB21033E29A347E9008C89F2 /* ItemModel.swift in Sources */ = {isa = PBXBuildFile; fileRef = AB21033629A347E9008C89F2 /* ItemModel.swift */; };
		AB21033F29A347E9008C89F2 /* AddImageView.swift in Sources */ = {isa = PBXBuildFile; fileRef = AB21033729A347E9008C89F2 /* AddImageView.swift */; };
		AB21034029A347E9008C89F2 /* UpdateImageView.swift in Sources */ = {isa = PBXBuildFile; fileRef = AB21033829A347E9008C89F2 /* UpdateImageView.swift */; };
/* End PBXBuildFile section */

/* Begin PBXFileReference section */
		AB21032129A34767008C89F2 /* ImageEditDemo.app */ = {isa = PBXFileReference; explicitFileType = wrapper.application; includeInIndex = 0; path = ImageEditDemo.app; sourceTree = BUILT_PRODUCTS_DIR; };
		AB21032429A34767008C89F2 /* ImageEditDemoApp.swift */ = {isa = PBXFileReference; lastKnownFileType = sourcecode.swift; path = ImageEditDemoApp.swift; sourceTree = "<group>"; };
		AB21032629A34767008C89F2 /* ContentView.swift */ = {isa = PBXFileReference; lastKnownFileType = sourcecode.swift; path = ContentView.swift; sourceTree = "<group>"; };
		AB21032829A34768008C89F2 /* Assets.xcassets */ = {isa = PBXFileReference; lastKnownFileType = folder.assetcatalog; path = Assets.xcassets; sourceTree = "<group>"; };
		AB21032B29A34768008C89F2 /* Preview Assets.xcassets */ = {isa = PBXFileReference; lastKnownFileType = folder.assetcatalog; path = "Preview Assets.xcassets"; sourceTree = "<group>"; };
		AB21033229A347E8008C89F2 /* ItemDetail.swift */ = {isa = PBXFileReference; fileEncoding = 4; lastKnownFileType = sourcecode.swift; path = ItemDetail.swift; sourceTree = "<group>"; };
		AB21033329A347E8008C89F2 /* ItemRow.swift */ = {isa = PBXFileReference; fileEncoding = 4; lastKnownFileType = sourcecode.swift; path = ItemRow.swift; sourceTree = "<group>"; };
		AB21033429A347E9008C89F2 /* Document.swift */ = {isa = PBXFileReference; fileEncoding = 4; lastKnownFileType = sourcecode.swift; path = Document.swift; sourceTree = "<group>"; };
		AB21033529A347E9008C89F2 /* image.swift */ = {isa = PBXFileReference; fileEncoding = 4; lastKnownFileType = sourcecode.swift; path = image.swift; sourceTree = "<group>"; };
		AB21033629A347E9008C89F2 /* ItemModel.swift */ = {isa = PBXFileReference; fileEncoding = 4; lastKnownFileType = sourcecode.swift; path = ItemModel.swift; sourceTree = "<group>"; };
		AB21033729A347E9008C89F2 /* AddImageView.swift */ = {isa = PBXFileReference; fileEncoding = 4; lastKnownFileType = sourcecode.swift; path = AddImageView.swift; sourceTree = "<group>"; };
		AB21033829A347E9008C89F2 /* UpdateImageView.swift */ = {isa = PBXFileReference; fileEncoding = 4; lastKnownFileType = sourcecode.swift; path = UpdateImageView.swift; sourceTree = "<group>"; };
		AB21034229A350E0008C89F2 /* README.md */ = {isa = PBXFileReference; fileEncoding = 4; lastKnownFileType = net.daringfireball.markdown; path = README.md; sourceTree = "<group>"; };
/* End PBXFileReference section */

/* Begin PBXFrameworksBuildPhase section */
		AB21031E29A34767008C89F2 /* Frameworks */ = {
			isa = PBXFrameworksBuildPhase;
			buildActionMask = 2147483647;
			files = (
			);
			runOnlyForDeploymentPostprocessing = 0;
		};
/* End PBXFrameworksBuildPhase section */

/* Begin PBXGroup section */
		AB21031829A34767008C89F2 = {
			isa = PBXGroup;
			children = (
				AB21034229A350E0008C89F2 /* README.md */,
				AB21032329A34767008C89F2 /* ImageEditDemo */,
				AB21032229A34767008C89F2 /* Products */,
			);
			sourceTree = "<group>";
		};
		AB21032229A34767008C89F2 /* Products */ = {
			isa = PBXGroup;
			children = (
				AB21032129A34767008C89F2 /* ImageEditDemo.app */,
			);
			name = Products;
			sourceTree = "<group>";
		};
		AB21032329A34767008C89F2 /* ImageEditDemo */ = {
			isa = PBXGroup;
			children = (
				AB21032429A34767008C89F2 /* ImageEditDemoApp.swift */,
				AB21032629A34767008C89F2 /* ContentView.swift */,
				AB21033829A347E9008C89F2 /* UpdateImageView.swift */,
				AB21033229A347E8008C89F2 /* ItemDetail.swift */,
				AB21033729A347E9008C89F2 /* AddImageView.swift */,
				AB21033329A347E8008C89F2 /* ItemRow.swift */,
				AB21033429A347E9008C89F2 /* Document.swift */,
				AB21033629A347E9008C89F2 /* ItemModel.swift */,
				AB21033529A347E9008C89F2 /* image.swift */,
				AB21032829A34768008C89F2 /* Assets.xcassets */,
				AB21032A29A34768008C89F2 /* Preview Content */,
			);
			path = ImageEditDemo;
			sourceTree = "<group>";
		};
		AB21032A29A34768008C89F2 /* Preview Content */ = {
			isa = PBXGroup;
			children = (
				AB21032B29A34768008C89F2 /* Preview Assets.xcassets */,
			);
			path = "Preview Content";
			sourceTree = "<group>";
		};
/* End PBXGroup section */

/* Begin PBXNativeTarget section */
		AB21032029A34767008C89F2 /* ImageEditDemo */ = {
			isa = PBXNativeTarget;
			buildConfigurationList = AB21032F29A34768008C89F2 /* Build configuration list for PBXNativeTarget "ImageEditDemo" */;
			buildPhases = (
				AB21031D29A34767008C89F2 /* Sources */,
				AB21031E29A34767008C89F2 /* Frameworks */,
				AB21031F29A34767008C89F2 /* Resources */,
			);
			buildRules = (
			);
			dependencies = (
			);
			name = ImageEditDemo;
			productName = ImageEditDemo;
			productReference = AB21032129A34767008C89F2 /* ImageEditDemo.app */;
			productType = "com.apple.product-type.application";
		};
/* End PBXNativeTarget section */

/* Begin PBXProject section */
		AB21031929A34767008C89F2 /* Project object */ = {
			isa = PBXProject;
			attributes = {
				BuildIndependentTargetsInParallel = 1;
				LastSwiftUpdateCheck = 1420;
				LastUpgradeCheck = 1420;
				TargetAttributes = {
					AB21032029A34767008C89F2 = {
						CreatedOnToolsVersion = 14.2;
					};
				};
			};
			buildConfigurationList = AB21031C29A34767008C89F2 /* Build configuration list for PBXProject "ImageEditDemo" */;
			compatibilityVersion = "Xcode 14.0";
			developmentRegion = en;
			hasScannedForEncodings = 0;
			knownRegions = (
				en,
				Base,
			);
			mainGroup = AB21031829A34767008C89F2;
			productRefGroup = AB21032229A34767008C89F2 /* Products */;
			projectDirPath = "";
			projectRoot = "";
			targets = (
				AB21032029A34767008C89F2 /* ImageEditDemo */,
			);
		};
/* End PBXProject section */

/* Begin PBXResourcesBuildPhase section */
		AB21031F29A34767008C89F2 /* Resources */ = {
			isa = PBXResourcesBuildPhase;
			buildActionMask = 2147483647;
			files = (
				AB21032C29A34768008C89F2 /* Preview Assets.xcassets in Resources */,
				AB21032929A34768008C89F2 /* Assets.xcassets in Resources */,
			);
			runOnlyForDeploymentPostprocessing = 0;
		};
/* End PBXResourcesBuildPhase section */

/* Begin PBXSourcesBuildPhase section */
		AB21031D29A34767008C89F2 /* Sources */ = {
			isa = PBXSourcesBuildPhase;
			buildActionMask = 2147483647;
			files = (
				AB21032729A34767008C89F2 /* ContentView.swift in Sources */,
				AB21033A29A347E9008C89F2 /* ItemDetail.swift in Sources */,
				AB21032529A34767008C89F2 /* ImageEditDemoApp.swift in Sources */,
				AB21034029A347E9008C89F2 /* UpdateImageView.swift in Sources */,
				AB21033B29A347E9008C89F2 /* ItemRow.swift in Sources */,
				AB21033F29A347E9008C89F2 /* AddImageView.swift in Sources */,
				AB21033C29A347E9008C89F2 /* Document.swift in Sources */,
				AB21033E29A347E9008C89F2 /* ItemModel.swift in Sources */,
				AB21033D29A347E9008C89F2 /* image.swift in Sources */,
			);
			runOnlyForDeploymentPostprocessing = 0;
		};
/* End PBXSourcesBuildPhase section */

/* Begin XCBuildConfiguration section */
		AB21032D29A34768008C89F2 /* Debug */ = {
			isa = XCBuildConfiguration;
			buildSettings = {
				ALWAYS_SEARCH_USER_PATHS = NO;
				CLANG_ANALYZER_NONNULL = YES;
				CLANG_ANALYZER_NUMBER_OBJECT_CONVERSION = YES_AGGRESSIVE;
				CLANG_CXX_LANGUAGE_STANDARD = "gnu++20";
				CLANG_ENABLE_MODULES = YES;
				CLANG_ENABLE_OBJC_ARC = YES;
				CLANG_ENABLE_OBJC_WEAK = YES;
				CLANG_WARN_BLOCK_CAPTURE_AUTORELEASING = YES;
				CLANG_WARN_BOOL_CONVERSION = YES;
				CLANG_WARN_COMMA = YES;
				CLANG_WARN_CONSTANT_CONVERSION = YES;
				CLANG_WARN_DEPRECATED_OBJC_IMPLEMENTATIONS = YES;
				CLANG_WARN_DIRECT_OBJC_ISA_USAGE = YES_ERROR;
				CLANG_WARN_DOCUMENTATION_COMMENTS = YES;
				CLANG_WARN_EMPTY_BODY = YES;
				CLANG_WARN_ENUM_CONVERSION = YES;
				CLANG_WARN_INFINITE_RECURSION = YES;
				CLANG_WARN_INT_CONVERSION = YES;
				CLANG_WARN_NON_LITERAL_NULL_CONVERSION = YES;
				CLANG_WARN_OBJC_IMPLICIT_RETAIN_SELF = YES;
				CLANG_WARN_OBJC_LITERAL_CONVERSION = YES;
				CLANG_WARN_OBJC_ROOT_CLASS = YES_ERROR;
				CLANG_WARN_QUOTED_INCLUDE_IN_FRAMEWORK_HEADER = YES;
				CLANG_WARN_RANGE_LOOP_ANALYSIS = YES;
				CLANG_WARN_STRICT_PROTOTYPES = YES;
				CLANG_WARN_SUSPICIOUS_MOVE = YES;
				CLANG_WARN_UNGUARDED_AVAILABILITY = YES_AGGRESSIVE;
				CLANG_WARN_UNREACHABLE_CODE = YES;
				CLANG_WARN__DUPLICATE_METHOD_MATCH = YES;
				COPY_PHASE_STRIP = NO;
				DEBUG_INFORMATION_FORMAT = dwarf;
				ENABLE_STRICT_OBJC_MSGSEND = YES;
				ENABLE_TESTABILITY = YES;
				GCC_C_LANGUAGE_STANDARD = gnu11;
				GCC_DYNAMIC_NO_PIC = NO;
				GCC_NO_COMMON_BLOCKS = YES;
				GCC_OPTIMIZATION_LEVEL = 0;
				GCC_PREPROCESSOR_DEFINITIONS = (
					"DEBUG=1",
					"$(inherited)",
				);
				GCC_WARN_64_TO_32_BIT_CONVERSION = YES;
				GCC_WARN_ABOUT_RETURN_TYPE = YES_ERROR;
				GCC_WARN_UNDECLARED_SELECTOR = YES;
				GCC_WARN_UNINITIALIZED_AUTOS = YES_AGGRESSIVE;
				GCC_WARN_UNUSED_FUNCTION = YES;
				GCC_WARN_UNUSED_VARIABLE = YES;
				IPHONEOS_DEPLOYMENT_TARGET = 16.2;
				MTL_ENABLE_DEBUG_INFO = INCLUDE_SOURCE;
				MTL_FAST_MATH = YES;
				ONLY_ACTIVE_ARCH = YES;
				SDKROOT = iphoneos;
				SWIFT_ACTIVE_COMPILATION_CONDITIONS = DEBUG;
				SWIFT_OPTIMIZATION_LEVEL = "-Onone";
			};
			name = Debug;
		};
		AB21032E29A34768008C89F2 /* Release */ = {
			isa = XCBuildConfiguration;
			buildSettings = {
				ALWAYS_SEARCH_USER_PATHS = NO;
				CLANG_ANALYZER_NONNULL = YES;
				CLANG_ANALYZER_NUMBER_OBJECT_CONVERSION = YES_AGGRESSIVE;
				CLANG_CXX_LANGUAGE_STANDARD = "gnu++20";
				CLANG_ENABLE_MODULES = YES;
				CLANG_ENABLE_OBJC_ARC = YES;
				CLANG_ENABLE_OBJC_WEAK = YES;
				CLANG_WARN_BLOCK_CAPTURE_AUTORELEASING = YES;
				CLANG_WARN_BOOL_CONVERSION = YES;
				CLANG_WARN_COMMA = YES;
				CLANG_WARN_CONSTANT_CONVERSION = YES;
				CLANG_WARN_DEPRECATED_OBJC_IMPLEMENTATIONS = YES;
				CLANG_WARN_DIRECT_OBJC_ISA_USAGE = YES_ERROR;
				CLANG_WARN_DOCUMENTATION_COMMENTS = YES;
				CLANG_WARN_EMPTY_BODY = YES;
				CLANG_WARN_ENUM_CONVERSION = YES;
				CLANG_WARN_INFINITE_RECURSION = YES;
				CLANG_WARN_INT_CONVERSION = YES;
				CLANG_WARN_NON_LITERAL_NULL_CONVERSION = YES;
				CLANG_WARN_OBJC_IMPLICIT_RETAIN_SELF = YES;
				CLANG_WARN_OBJC_LITERAL_CONVERSION = YES;
				CLANG_WARN_OBJC_ROOT_CLASS = YES_ERROR;
				CLANG_WARN_QUOTED_INCLUDE_IN_FRAMEWORK_HEADER = YES;
				CLANG_WARN_RANGE_LOOP_ANALYSIS = YES;
				CLANG_WARN_STRICT_PROTOTYPES = YES;
				CLANG_WARN_SUSPICIOUS_MOVE = YES;
				CLANG_WARN_UNGUARDED_AVAILABILITY = YES_AGGRESSIVE;
				CLANG_WARN_UNREACHABLE_CODE = YES;
				CLANG_WARN__DUPLICATE_METHOD_MATCH = YES;
				COPY_PHASE_STRIP = NO;
				DEBUG_INFORMATION_FORMAT = "dwarf-with-dsym";
				ENABLE_NS_ASSERTIONS = NO;
				ENABLE_STRICT_OBJC_MSGSEND = YES;
				GCC_C_LANGUAGE_STANDARD = gnu11;
				GCC_NO_COMMON_BLOCKS = YES;
				GCC_WARN_64_TO_32_BIT_CONVERSION = YES;
				GCC_WARN_ABOUT_RETURN_TYPE = YES_ERROR;
				GCC_WARN_UNDECLARED_SELECTOR = YES;
				GCC_WARN_UNINITIALIZED_AUTOS = YES_AGGRESSIVE;
				GCC_WARN_UNUSED_FUNCTION = YES;
				GCC_WARN_UNUSED_VARIABLE = YES;
				IPHONEOS_DEPLOYMENT_TARGET = 16.2;
				MTL_ENABLE_DEBUG_INFO = NO;
				MTL_FAST_MATH = YES;
				SDKROOT = iphoneos;
				SWIFT_COMPILATION_MODE = wholemodule;
				SWIFT_OPTIMIZATION_LEVEL = "-O";
				VALIDATE_PRODUCT = YES;
			};
			name = Release;
		};
		AB21033029A34768008C89F2 /* Debug */ = {
			isa = XCBuildConfiguration;
			buildSettings = {
				ASSETCATALOG_COMPILER_APPICON_NAME = AppIcon;
				ASSETCATALOG_COMPILER_GLOBAL_ACCENT_COLOR_NAME = AccentColor;
				CODE_SIGN_STYLE = Automatic;
				CURRENT_PROJECT_VERSION = 1;
				DEVELOPMENT_ASSET_PATHS = "\"ImageEditDemo/Preview Content\"";
				DEVELOPMENT_TEAM = 3RCW2SSL8G;
				ENABLE_PREVIEWS = YES;
				GENERATE_INFOPLIST_FILE = YES;
				INFOPLIST_KEY_UIApplicationSceneManifest_Generation = YES;
				INFOPLIST_KEY_UIApplicationSupportsIndirectInputEvents = YES;
				INFOPLIST_KEY_UILaunchScreen_Generation = YES;
				INFOPLIST_KEY_UISupportedInterfaceOrientations_iPad = "UIInterfaceOrientationPortrait UIInterfaceOrientationPortraitUpsideDown UIInterfaceOrientationLandscapeLeft UIInterfaceOrientationLandscapeRight";
				INFOPLIST_KEY_UISupportedInterfaceOrientations_iPhone = "UIInterfaceOrientationPortrait UIInterfaceOrientationLandscapeLeft UIInterfaceOrientationLandscapeRight";
				IPHONEOS_DEPLOYMENT_TARGET = 16.0;
				LD_RUNPATH_SEARCH_PATHS = (
					"$(inherited)",
					"@executable_path/Frameworks",
				);
				MARKETING_VERSION = 1.0;
				PRODUCT_BUNDLE_IDENTIFIER = com.jht1900.ImageEditDemo;
				PRODUCT_NAME = "$(TARGET_NAME)";
				SWIFT_EMIT_LOC_STRINGS = YES;
				SWIFT_VERSION = 5.0;
				TARGETED_DEVICE_FAMILY = "1,2";
			};
			name = Debug;
		};
		AB21033129A34768008C89F2 /* Release */ = {
			isa = XCBuildConfiguration;
			buildSettings = {
				ASSETCATALOG_COMPILER_APPICON_NAME = AppIcon;
				ASSETCATALOG_COMPILER_GLOBAL_ACCENT_COLOR_NAME = AccentColor;
				CODE_SIGN_STYLE = Automatic;
				CURRENT_PROJECT_VERSION = 1;
				DEVELOPMENT_ASSET_PATHS = "\"ImageEditDemo/Preview Content\"";
				DEVELOPMENT_TEAM = 3RCW2SSL8G;
				ENABLE_PREVIEWS = YES;
				GENERATE_INFOPLIST_FILE = YES;
				INFOPLIST_KEY_UIApplicationSceneManifest_Generation = YES;
				INFOPLIST_KEY_UIApplicationSupportsIndirectInputEvents = YES;
				INFOPLIST_KEY_UILaunchScreen_Generation = YES;
				INFOPLIST_KEY_UISupportedInterfaceOrientations_iPad = "UIInterfaceOrientationPortrait UIInterfaceOrientationPortraitUpsideDown UIInterfaceOrientationLandscapeLeft UIInterfaceOrientationLandscapeRight";
				INFOPLIST_KEY_UISupportedInterfaceOrientations_iPhone = "UIInterfaceOrientationPortrait UIInterfaceOrientationLandscapeLeft UIInterfaceOrientationLandscapeRight";
				IPHONEOS_DEPLOYMENT_TARGET = 16.0;
				LD_RUNPATH_SEARCH_PATHS = (
					"$(inherited)",
					"@executable_path/Frameworks",
				);
				MARKETING_VERSION = 1.0;
				PRODUCT_BUNDLE_IDENTIFIER = com.jht1900.ImageEditDemo;
				PRODUCT_NAME = "$(TARGET_NAME)";
				SWIFT_EMIT_LOC_STRINGS = YES;
				SWIFT_VERSION = 5.0;
				TARGETED_DEVICE_FAMILY = "1,2";
			};
			name = Release;
		};
/* End XCBuildConfiguration section */

/* Begin XCConfigurationList section */
		AB21031C29A34767008C89F2 /* Build configuration list for PBXProject "ImageEditDemo" */ = {
			isa = XCConfigurationList;
			buildConfigurations = (
				AB21032D29A34768008C89F2 /* Debug */,
				AB21032E29A34768008C89F2 /* Release */,
			);
			defaultConfigurationIsVisible = 0;
			defaultConfigurationName = Release;
		};
		AB21032F29A34768008C89F2 /* Build configuration list for PBXNativeTarget "ImageEditDemo" */ = {
			isa = XCConfigurationList;
			buildConfigurations = (
				AB21033029A34768008C89F2 /* Debug */,
				AB21033129A34768008C89F2 /* Release */,
			);
			defaultConfigurationIsVisible = 0;
			defaultConfigurationName = Release;
		};
/* End XCConfigurationList section */
	};
	rootObject = AB21031929A34767008C89F2 /* Project object */;
}
